
Microsoft Visual Studio Solution File, Format Version 12.00
# Visual Studio Version 16
VisualStudioVersion = 16.0.29728.190
MinimumVisualStudioVersion = 10.0.40219.1
Project("{FAE04EC0-301F-11D3-BF4B-00C04F79EFBC}") = "WareHouse-Storage-Web", "WareHouse-Storage-Web\WareHouse-Storage-Web.csproj", "{FFD6681F-0184-46EB-951B-89A478B0BD7E}"
EndProject
Global
	GlobalSection(SolutionConfigurationPlatforms) = preSolution
		Debug|Any CPU = Debug|Any CPU
		Release|Any CPU = Release|Any CPU
	EndGlobalSection
	GlobalSection(ProjectConfigurationPlatforms) = postSolution
		{FFD6681F-0184-46EB-951B-89A478B0BD7E}.Debug|Any CPU.ActiveCfg = Debug|Any CPU
		{FFD6681F-0184-46EB-951B-89A478B0BD7E}.Debug|Any CPU.Build.0 = Debug|Any CPU
		{FFD6681F-0184-46EB-951B-89A478B0BD7E}.Release|Any CPU.ActiveCfg = Release|Any CPU
		{FFD6681F-0184-46EB-951B-89A478B0BD7E}.Release|Any CPU.Build.0 = Release|Any CPU
	EndGlobalSection
	GlobalSection(SolutionProperties) = preSolution
		HideSolutionNode = FALSE
	EndGlobalSection
	GlobalSection(ExtensibilityGlobals) = postSolution
		SolutionGuid = {191F210F-6B4F-465F-BACA-AC5F32156BA4}
	EndGlobalSection
EndGlobal
